// !$*UTF8*$!
{
	archiveVersion = 1;
	classes = {
	};
	objectVersion = 55;
	objects = {

/* Begin PBXBuildFile section */
		E16BEC0F2849133800034F1D /* AppDelegate.m in Sources */ = {isa = PBXBuildFile; fileRef = E16BEC0E2849133800034F1D /* AppDelegate.m */; };
		E16BEC152849133800034F1D /* ViewController.m in Sources */ = {isa = PBXBuildFile; fileRef = E16BEC142849133800034F1D /* ViewController.m */; };
		E16BEC182849133800034F1D /* Main.storyboard in Resources */ = {isa = PBXBuildFile; fileRef = E16BEC162849133800034F1D /* Main.storyboard */; };
		E16BEC1A2849133A00034F1D /* Assets.xcassets in Resources */ = {isa = PBXBuildFile; fileRef = E16BEC192849133A00034F1D /* Assets.xcassets */; };
		E16BEC1D2849133A00034F1D /* LaunchScreen.storyboard in Resources */ = {isa = PBXBuildFile; fileRef = E16BEC1B2849133A00034F1D /* LaunchScreen.storyboard */; };
		E16BEC202849133A00034F1D /* main.m in Sources */ = {isa = PBXBuildFile; fileRef = E16BEC1F2849133A00034F1D /* main.m */; };
		E16BEC302849182D00034F1D /* UITableView+JHNSwipe.m in Sources */ = {isa = PBXBuildFile; fileRef = E16BEC2D2849182D00034F1D /* UITableView+JHNSwipe.m */; };
/* End PBXBuildFile section */

/* Begin PBXFileReference section */
		E16BEC0A2849133800034F1D /* JHNTableViewSwipeExample.app */ = {isa = PBXFileReference; explicitFileType = wrapper.application; includeInIndex = 0; path = JHNTableViewSwipeExample.app; sourceTree = BUILT_PRODUCTS_DIR; };
		E16BEC0D2849133800034F1D /* AppDelegate.h */ = {isa = PBXFileReference; lastKnownFileType = sourcecode.c.h; path = AppDelegate.h; sourceTree = "<group>"; };
		E16BEC0E2849133800034F1D /* AppDelegate.m */ = {isa = PBXFileReference; lastKnownFileType = sourcecode.c.objc; path = AppDelegate.m; sourceTree = "<group>"; };
		E16BEC132849133800034F1D /* ViewController.h */ = {isa = PBXFileReference; lastKnownFileType = sourcecode.c.h; path = ViewController.h; sourceTree = "<group>"; };
		E16BEC142849133800034F1D /* ViewController.m */ = {isa = PBXFileReference; lastKnownFileType = sourcecode.c.objc; path = ViewController.m; sourceTree = "<group>"; };
		E16BEC172849133800034F1D /* Base */ = {isa = PBXFileReference; lastKnownFileType = file.storyboard; name = Base; path = Base.lproj/Main.storyboard; sourceTree = "<group>"; };
		E16BEC192849133A00034F1D /* Assets.xcassets */ = {isa = PBXFileReference; lastKnownFileType = folder.assetcatalog; path = Assets.xcassets; sourceTree = "<group>"; };
		E16BEC1C2849133A00034F1D /* Base */ = {isa = PBXFileReference; lastKnownFileType = file.storyboard; name = Base; path = Base.lproj/LaunchScreen.storyboard; sourceTree = "<group>"; };
		E16BEC1E2849133A00034F1D /* Info.plist */ = {isa = PBXFileReference; lastKnownFileType = text.plist.xml; path = Info.plist; sourceTree = "<group>"; };
		E16BEC1F2849133A00034F1D /* main.m */ = {isa = PBXFileReference; lastKnownFileType = sourcecode.c.objc; path = main.m; sourceTree = "<group>"; };
		E16BEC2D2849182D00034F1D /* UITableView+JHNSwipe.m */ = {isa = PBXFileReference; fileEncoding = 4; lastKnownFileType = sourcecode.c.objc; path = "UITableView+JHNSwipe.m"; sourceTree = "<group>"; };
		E16BEC2F2849182D00034F1D /* UITableView+JHNSwipe.h */ = {isa = PBXFileReference; fileEncoding = 4; lastKnownFileType = sourcecode.c.h; path = "UITableView+JHNSwipe.h"; sourceTree = "<group>"; };
/* End PBXFileReference section */

/* Begin PBXFrameworksBuildPhase section */
		E16BEC072849133800034F1D /* Frameworks */ = {
			isa = PBXFrameworksBuildPhase;
			buildActionMask = 2147483647;
			files = (
			);
			runOnlyForDeploymentPostprocessing = 0;
		};
/* End PBXFrameworksBuildPhase section */

/* Begin PBXGroup section */
		E16BEC012849133800034F1D = {
			isa = PBXGroup;
			children = (
				E16BEC2B2849182D00034F1D /* JHNTableViewSwipe */,
				E16BEC0C2849133800034F1D /* JHNTableViewSwipeExample */,
				E16BEC0B2849133800034F1D /* Products */,
			);
			sourceTree = "<group>";
		};
		E16BEC0B2849133800034F1D /* Products */ = {
			isa = PBXGroup;
			children = (
				E16BEC0A2849133800034F1D /* JHNTableViewSwipeExample.app */,
			);
			name = Products;
			sourceTree = "<group>";
		};
		E16BEC0C2849133800034F1D /* JHNTableViewSwipeExample */ = {
			isa = PBXGroup;
			children = (
				E16BEC0D2849133800034F1D /* AppDelegate.h */,
				E16BEC0E2849133800034F1D /* AppDelegate.m */,
				E16BEC132849133800034F1D /* ViewController.h */,
				E16BEC142849133800034F1D /* ViewController.m */,
				E16BEC162849133800034F1D /* Main.storyboard */,
				E16BEC192849133A00034F1D /* Assets.xcassets */,
				E16BEC1B2849133A00034F1D /* LaunchScreen.storyboard */,
				E16BEC1E2849133A00034F1D /* Info.plist */,
				E16BEC1F2849133A00034F1D /* main.m */,
			);
			path = JHNTableViewSwipeExample;
			sourceTree = "<group>";
		};
		E16BEC2B2849182D00034F1D /* JHNTableViewSwipe */ = {
			isa = PBXGroup;
			children = (
				E16BEC2F2849182D00034F1D /* UITableView+JHNSwipe.h */,
				E16BEC2D2849182D00034F1D /* UITableView+JHNSwipe.m */,
			);
			name = JHNTableViewSwipe;
			path = ../../JHNTableViewSwipe;
			sourceTree = "<group>";
		};
/* End PBXGroup section */

/* Begin PBXNativeTarget section */
		E16BEC092849133800034F1D /* JHNTableViewSwipeExample */ = {
			isa = PBXNativeTarget;
			buildConfigurationList = E16BEC232849133A00034F1D /* Build configuration list for PBXNativeTarget "JHNTableViewSwipeExample" */;
			buildPhases = (
				E16BEC062849133800034F1D /* Sources */,
				E16BEC072849133800034F1D /* Frameworks */,
				E16BEC082849133800034F1D /* Resources */,
			);
			buildRules = (
			);
			dependencies = (
			);
			name = JHNTableViewSwipeExample;
			productName = JHNTableViewSwipeExample;
			productReference = E16BEC0A2849133800034F1D /* JHNTableViewSwipeExample.app */;
			productType = "com.apple.product-type.application";
		};
/* End PBXNativeTarget section */

/* Begin PBXProject section */
		E16BEC022849133800034F1D /* Project object */ = {
			isa = PBXProject;
			attributes = {
				BuildIndependentTargetsInParallel = 1;
				LastUpgradeCheck = 1340;
				TargetAttributes = {
					E16BEC092849133800034F1D = {
						CreatedOnToolsVersion = 13.4;
					};
				};
			};
			buildConfigurationList = E16BEC052849133800034F1D /* Build configuration list for PBXProject "JHNTableViewSwipeExample" */;
			compatibilityVersion = "Xcode 13.0";
			developmentRegion = en;
			hasScannedForEncodings = 0;
			knownRegions = (
				en,
				Base,
			);
			mainGroup = E16BEC012849133800034F1D;
			productRefGroup = E16BEC0B2849133800034F1D /* Products */;
			projectDirPath = "";
			projectRoot = "";
			targets = (
				E16BEC092849133800034F1D /* JHNTableViewSwipeExample */,
			);
		};
/* End PBXProject section */

/* Begin PBXResourcesBuildPhase section */
		E16BEC082849133800034F1D /* Resources */ = {
			isa = PBXResourcesBuildPhase;
			buildActionMask = 2147483647;
			files = (
				E16BEC1D2849133A00034F1D /* LaunchScreen.storyboard in Resources */,
				E16BEC1A2849133A00034F1D /* Assets.xcassets in Resources */,
				E16BEC182849133800034F1D /* Main.storyboard in Resources */,
			);
			runOnlyForDeploymentPostprocessing = 0;
		};
/* End PBXResourcesBuildPhase section */

/* Begin PBXSourcesBuildPhase section */
		E16BEC062849133800034F1D /* Sources */ = {
			isa = PBXSourcesBuildPhase;
			buildActionMask = 2147483647;
			files = (
				E16BEC152849133800034F1D /* ViewController.m in Sources */,
				E16BEC302849182D00034F1D /* UITableView+JHNSwipe.m in Sources */,
				E16BEC0F2849133800034F1D /* AppDelegate.m in Sources */,
				E16BEC202849133A00034F1D /* main.m in Sources */,
			);
			runOnlyForDeploymentPostprocessing = 0;
		};
/* End PBXSourcesBuildPhase section */

/* Begin PBXVariantGroup section */
		E16BEC162849133800034F1D /* Main.storyboard */ = {
			isa = PBXVariantGroup;
			children = (
				E16BEC172849133800034F1D /* Base */,
			);
			name = Main.storyboard;
			sourceTree = "<group>";
		};
		E16BEC1B2849133A00034F1D /* LaunchScreen.storyboard */ = {
			isa = PBXVariantGroup;
			children = (
				E16BEC1C2849133A00034F1D /* Base */,
			);
			name = LaunchScreen.storyboard;
			sourceTree = "<group>";
		};
/* End PBXVariantGroup section */

/* Begin XCBuildConfiguration section */
		E16BEC212849133A00034F1D /* Debug */ = {
			isa = XCBuildConfiguration;
			buildSettings = {
				ALWAYS_SEARCH_USER_PATHS = NO;
				CLANG_ANALYZER_NONNULL = YES;
				CLANG_ANALYZER_NUMBER_OBJECT_CONVERSION = YES_AGGRESSIVE;
				CLANG_CXX_LANGUAGE_STANDARD = "gnu++17";
				CLANG_ENABLE_MODULES = YES;
				CLANG_ENABLE_OBJC_ARC = YES;
				CLANG_ENABLE_OBJC_WEAK = YES;
				CLANG_WARN_BLOCK_CAPTURE_AUTORELEASING = YES;
				CLANG_WARN_BOOL_CONVERSION = YES;
				CLANG_WARN_COMMA = YES;
				CLANG_WARN_CONSTANT_CONVERSION = YES;
				CLANG_WARN_DEPRECATED_OBJC_IMPLEMENTATIONS = YES;
				CLANG_WARN_DIRECT_OBJC_ISA_USAGE = YES_ERROR;
				CLANG_WARN_DOCUMENTATION_COMMENTS = YES;
				CLANG_WARN_EMPTY_BODY = YES;
				CLANG_WARN_ENUM_CONVERSION = YES;
				CLANG_WARN_INFINITE_RECURSION = YES;
				CLANG_WARN_INT_CONVERSION = YES;
				CLANG_WARN_NON_LITERAL_NULL_CONVERSION = YES;
				CLANG_WARN_OBJC_IMPLICIT_RETAIN_SELF = YES;
				CLANG_WARN_OBJC_LITERAL_CONVERSION = YES;
				CLANG_WARN_OBJC_ROOT_CLASS = YES_ERROR;
				CLANG_WARN_QUOTED_INCLUDE_IN_FRAMEWORK_HEADER = YES;
				CLANG_WARN_RANGE_LOOP_ANALYSIS = YES;
				CLANG_WARN_STRICT_PROTOTYPES = YES;
				CLANG_WARN_SUSPICIOUS_MOVE = YES;
				CLANG_WARN_UNGUARDED_AVAILABILITY = YES_AGGRESSIVE;
				CLANG_WARN_UNREACHABLE_CODE = YES;
				CLANG_WARN__DUPLICATE_METHOD_MATCH = YES;
				COPY_PHASE_STRIP = NO;
				DEBUG_INFORMATION_FORMAT = dwarf;
				ENABLE_STRICT_OBJC_MSGSEND = YES;
				ENABLE_TESTABILITY = YES;
				GCC_C_LANGUAGE_STANDARD = gnu11;
				GCC_DYNAMIC_NO_PIC = NO;
				GCC_NO_COMMON_BLOCKS = YES;
				GCC_OPTIMIZATION_LEVEL = 0;
				GCC_PREPROCESSOR_DEFINITIONS = (
					"DEBUG=1",
					"$(inherited)",
				);
				GCC_WARN_64_TO_32_BIT_CONVERSION = YES;
				GCC_WARN_ABOUT_RETURN_TYPE = YES_ERROR;
				GCC_WARN_UNDECLARED_SELECTOR = YES;
				GCC_WARN_UNINITIALIZED_AUTOS = YES_AGGRESSIVE;
				GCC_WARN_UNUSED_FUNCTION = YES;
				GCC_WARN_UNUSED_VARIABLE = YES;
				IPHONEOS_DEPLOYMENT_TARGET = 15.5;
				MTL_ENABLE_DEBUG_INFO = INCLUDE_SOURCE;
				MTL_FAST_MATH = YES;
				ONLY_ACTIVE_ARCH = YES;
				SDKROOT = iphoneos;
			};
			name = Debug;
		};
		E16BEC222849133A00034F1D /* Release */ = {
			isa = XCBuildConfiguration;
			buildSettings = {
				ALWAYS_SEARCH_USER_PATHS = NO;
				CLANG_ANALYZER_NONNULL = YES;
				CLANG_ANALYZER_NUMBER_OBJECT_CONVERSION = YES_AGGRESSIVE;
				CLANG_CXX_LANGUAGE_STANDARD = "gnu++17";
				CLANG_ENABLE_MODULES = YES;
				CLANG_ENABLE_OBJC_ARC = YES;
				CLANG_ENABLE_OBJC_WEAK = YES;
				CLANG_WARN_BLOCK_CAPTURE_AUTORELEASING = YES;
				CLANG_WARN_BOOL_CONVERSION = YES;
				CLANG_WARN_COMMA = YES;
				CLANG_WARN_CONSTANT_CONVERSION = YES;
				CLANG_WARN_DEPRECATED_OBJC_IMPLEMENTATIONS = YES;
				CLANG_WARN_DIRECT_OBJC_ISA_USAGE = YES_ERROR;
				CLANG_WARN_DOCUMENTATION_COMMENTS = YES;
				CLANG_WARN_EMPTY_BODY = YES;
				CLANG_WARN_ENUM_CONVERSION = YES;
				CLANG_WARN_INFINITE_RECURSION = YES;
				CLANG_WARN_INT_CONVERSION = YES;
				CLANG_WARN_NON_LITERAL_NULL_CONVERSION = YES;
				CLANG_WARN_OBJC_IMPLICIT_RETAIN_SELF = YES;
				CLANG_WARN_OBJC_LITERAL_CONVERSION = YES;
				CLANG_WARN_OBJC_ROOT_CLASS = YES_ERROR;
				CLANG_WARN_QUOTED_INCLUDE_IN_FRAMEWORK_HEADER = YES;
				CLANG_WARN_RANGE_LOOP_ANALYSIS = YES;
				CLANG_WARN_STRICT_PROTOTYPES = YES;
				CLANG_WARN_SUSPICIOUS_MOVE = YES;
				CLANG_WARN_UNGUARDED_AVAILABILITY = YES_AGGRESSIVE;
				CLANG_WARN_UNREACHABLE_CODE = YES;
				CLANG_WARN__DUPLICATE_METHOD_MATCH = YES;
				COPY_PHASE_STRIP = NO;
				DEBUG_INFORMATION_FORMAT = "dwarf-with-dsym";
				ENABLE_NS_ASSERTIONS = NO;
				ENABLE_STRICT_OBJC_MSGSEND = YES;
				GCC_C_LANGUAGE_STANDARD = gnu11;
				GCC_NO_COMMON_BLOCKS = YES;
				GCC_WARN_64_TO_32_BIT_CONVERSION = YES;
				GCC_WARN_ABOUT_RETURN_TYPE = YES_ERROR;
				GCC_WARN_UNDECLARED_SELECTOR = YES;
				GCC_WARN_UNINITIALIZED_AUTOS = YES_AGGRESSIVE;
				GCC_WARN_UNUSED_FUNCTION = YES;
				GCC_WARN_UNUSED_VARIABLE = YES;
				IPHONEOS_DEPLOYMENT_TARGET = 15.5;
				MTL_ENABLE_DEBUG_INFO = NO;
				MTL_FAST_MATH = YES;
				SDKROOT = iphoneos;
				VALIDATE_PRODUCT = YES;
			};
			name = Release;
		};
		E16BEC242849133A00034F1D /* Debug */ = {
			isa = XCBuildConfiguration;
			buildSettings = {
				ASSETCATALOG_COMPILER_APPICON_NAME = AppIcon;
				ASSETCATALOG_COMPILER_GLOBAL_ACCENT_COLOR_NAME = AccentColor;
				CODE_SIGN_STYLE = Automatic;
				CURRENT_PROJECT_VERSION = 1;
				DEVELOPMENT_TEAM = Z939KD6X34;
				GENERATE_INFOPLIST_FILE = YES;
				INFOPLIST_FILE = JHNTableViewSwipeExample/Info.plist;
				INFOPLIST_KEY_UIApplicationSupportsIndirectInputEvents = YES;
				INFOPLIST_KEY_UILaunchStoryboardName = LaunchScreen;
				INFOPLIST_KEY_UIMainStoryboardFile = Main;
				INFOPLIST_KEY_UISupportedInterfaceOrientations_iPad = "UIInterfaceOrientationPortrait UIInterfaceOrientationPortraitUpsideDown UIInterfaceOrientationLandscapeLeft UIInterfaceOrientationLandscapeRight";
				INFOPLIST_KEY_UISupportedInterfaceOrientations_iPhone = "UIInterfaceOrientationPortrait UIInterfaceOrientationLandscapeLeft UIInterfaceOrientationLandscapeRight";
				LD_RUNPATH_SEARCH_PATHS = (
					"$(inherited)",
					"@executable_path/Frameworks",
				);
				MARKETING_VERSION = 1.0;
				PRODUCT_BUNDLE_IDENTIFIER = JHN.JHNTableViewSwipeExample;
				PRODUCT_NAME = "$(TARGET_NAME)";
				SWIFT_EMIT_LOC_STRINGS = YES;
				TARGETED_DEVICE_FAMILY = 1;
			};
			name = Debug;
		};
		E16BEC252849133A00034F1D /* Release */ = {
			isa = XCBuildConfiguration;
			buildSettings = {
				ASSETCATALOG_COMPILER_APPICON_NAME = AppIcon;
				ASSETCATALOG_COMPILER_GLOBAL_ACCENT_COLOR_NAME = AccentColor;
				CODE_SIGN_STYLE = Automatic;
				CURRENT_PROJECT_VERSION = 1;
				DEVELOPMENT_TEAM = Z939KD6X34;
				GENERATE_INFOPLIST_FILE = YES;
				INFOPLIST_FILE = JHNTableViewSwipeExample/Info.plist;
				INFOPLIST_KEY_UIApplicationSupportsIndirectInputEvents = YES;
				INFOPLIST_KEY_UILaunchStoryboardName = LaunchScreen;
				INFOPLIST_KEY_UIMainStoryboardFile = Main;
				INFOPLIST_KEY_UISupportedInterfaceOrientations_iPad = "UIInterfaceOrientationPortrait UIInterfaceOrientationPortraitUpsideDown UIInterfaceOrientationLandscapeLeft UIInterfaceOrientationLandscapeRight";
				INFOPLIST_KEY_UISupportedInterfaceOrientations_iPhone = "UIInterfaceOrientationPortrait UIInterfaceOrientationLandscapeLeft UIInterfaceOrientationLandscapeRight";
				LD_RUNPATH_SEARCH_PATHS = (
					"$(inherited)",
					"@executable_path/Frameworks",
				);
				MARKETING_VERSION = 1.0;
				PRODUCT_BUNDLE_IDENTIFIER = JHN.JHNTableViewSwipeExample;
				PRODUCT_NAME = "$(TARGET_NAME)";
				SWIFT_EMIT_LOC_STRINGS = YES;
				TARGETED_DEVICE_FAMILY = 1;
			};
			name = Release;
		};
/* End XCBuildConfiguration section */

/* Begin XCConfigurationList section */
		E16BEC052849133800034F1D /* Build configuration list for PBXProject "JHNTableViewSwipeExample" */ = {
			isa = XCConfigurationList;
			buildConfigurations = (
				E16BEC212849133A00034F1D /* Debug */,
				E16BEC222849133A00034F1D /* Release */,
			);
			defaultConfigurationIsVisible = 0;
			defaultConfigurationName = Release;
		};
		E16BEC232849133A00034F1D /* Build configuration list for PBXNativeTarget "JHNTableViewSwipeExample" */ = {
			isa = XCConfigurationList;
			buildConfigurations = (
				E16BEC242849133A00034F1D /* Debug */,
				E16BEC252849133A00034F1D /* Release */,
			);
			defaultConfigurationIsVisible = 0;
			defaultConfigurationName = Release;
		};
/* End XCConfigurationList section */
	};
	rootObject = E16BEC022849133800034F1D /* Project object */;
}
